
Microsoft Visual Studio Solution File, Format Version 12.00
# Visual Studio 2013
VisualStudioVersion = 12.0.31101.0
MinimumVisualStudioVersion = 10.0.40219.1
Project("{FAE04EC0-301F-11D3-BF4B-00C04F79EFBC}") = "Backend", "Backend\Backend.csproj", "{92B5DB72-E628-4AC6-A1FF-0E0A8B2736F2}"
EndProject
Project("{00D1A9C2-B5F0-4AF3-8072-F6C62B433612}") = "BackendDB", "BackendDB\BackendDB.sqlproj", "{D2396FBB-1869-46AA-A49A-545D3401C335}"
EndProject
Project("{FAE04EC0-301F-11D3-BF4B-00C04F79EFBC}") = "SpecFlow.Specs", "SpecFlow.Specs\SpecFlow.Specs.csproj", "{FD748CDA-F9ED-4D62-A930-2F090B6CC034}"
EndProject
Project("{FAE04EC0-301F-11D3-BF4B-00C04F79EFBC}") = "Parking", "Parking\Parking.csproj", "{D452C3C2-60F5-40E8-890C-4EFC60801052}"
	ProjectSection(ProjectDependencies) = postProject
		{92B5DB72-E628-4AC6-A1FF-0E0A8B2736F2} = {92B5DB72-E628-4AC6-A1FF-0E0A8B2736F2}
		{481BEC85-93DE-477C-B1FC-F2D9C78E540E} = {481BEC85-93DE-477C-B1FC-F2D9C78E540E}
	EndProjectSection
EndProject
Project("{FAE04EC0-301F-11D3-BF4B-00C04F79EFBC}") = "DomainModel", "DomainModel\DomainModel.csproj", "{481BEC85-93DE-477C-B1FC-F2D9C78E540E}"
EndProject
Project("{FAE04EC0-301F-11D3-BF4B-00C04F79EFBC}") = "Security", "Security\Security.csproj", "{45D8AE38-B272-4AB2-81DD-707C48C84C9B}"
EndProject
Project("{2150E333-8FDC-42A3-9474-1A3956D46DE8}") = ".nuget", ".nuget", "{46A11FF9-4416-4E5E-BA3C-634822F1D991}"
	ProjectSection(SolutionItems) = preProject
		.nuget\packages.config = .nuget\packages.config
	EndProjectSection
EndProject
Global
	GlobalSection(SolutionConfigurationPlatforms) = preSolution
		Debug|Any CPU = Debug|Any CPU
		Release|Any CPU = Release|Any CPU
	EndGlobalSection
	GlobalSection(ProjectConfigurationPlatforms) = postSolution
		{92B5DB72-E628-4AC6-A1FF-0E0A8B2736F2}.Debug|Any CPU.ActiveCfg = Debug|Any CPU
		{92B5DB72-E628-4AC6-A1FF-0E0A8B2736F2}.Debug|Any CPU.Build.0 = Debug|Any CPU
		{92B5DB72-E628-4AC6-A1FF-0E0A8B2736F2}.Release|Any CPU.ActiveCfg = Release|Any CPU
		{92B5DB72-E628-4AC6-A1FF-0E0A8B2736F2}.Release|Any CPU.Build.0 = Release|Any CPU
		{D2396FBB-1869-46AA-A49A-545D3401C335}.Debug|Any CPU.ActiveCfg = Debug|Any CPU
		{D2396FBB-1869-46AA-A49A-545D3401C335}.Debug|Any CPU.Build.0 = Debug|Any CPU
		{D2396FBB-1869-46AA-A49A-545D3401C335}.Debug|Any CPU.Deploy.0 = Debug|Any CPU
		{D2396FBB-1869-46AA-A49A-545D3401C335}.Release|Any CPU.ActiveCfg = Release|Any CPU
		{D2396FBB-1869-46AA-A49A-545D3401C335}.Release|Any CPU.Build.0 = Release|Any CPU
		{D2396FBB-1869-46AA-A49A-545D3401C335}.Release|Any CPU.Deploy.0 = Release|Any CPU
		{FD748CDA-F9ED-4D62-A930-2F090B6CC034}.Debug|Any CPU.ActiveCfg = Debug|Any CPU
		{FD748CDA-F9ED-4D62-A930-2F090B6CC034}.Debug|Any CPU.Build.0 = Debug|Any CPU
		{FD748CDA-F9ED-4D62-A930-2F090B6CC034}.Release|Any CPU.ActiveCfg = Release|Any CPU
		{FD748CDA-F9ED-4D62-A930-2F090B6CC034}.Release|Any CPU.Build.0 = Release|Any CPU
		{D452C3C2-60F5-40E8-890C-4EFC60801052}.Debug|Any CPU.ActiveCfg = Debug|Any CPU
		{D452C3C2-60F5-40E8-890C-4EFC60801052}.Debug|Any CPU.Build.0 = Debug|Any CPU
		{D452C3C2-60F5-40E8-890C-4EFC60801052}.Release|Any CPU.ActiveCfg = Release|Any CPU
		{D452C3C2-60F5-40E8-890C-4EFC60801052}.Release|Any CPU.Build.0 = Release|Any CPU
		{481BEC85-93DE-477C-B1FC-F2D9C78E540E}.Debug|Any CPU.ActiveCfg = Debug|Any CPU
		{481BEC85-93DE-477C-B1FC-F2D9C78E540E}.Debug|Any CPU.Build.0 = Debug|Any CPU
		{481BEC85-93DE-477C-B1FC-F2D9C78E540E}.Release|Any CPU.ActiveCfg = Release|Any CPU
		{481BEC85-93DE-477C-B1FC-F2D9C78E540E}.Release|Any CPU.Build.0 = Release|Any CPU
		{45D8AE38-B272-4AB2-81DD-707C48C84C9B}.Debug|Any CPU.ActiveCfg = Debug|Any CPU
		{45D8AE38-B272-4AB2-81DD-707C48C84C9B}.Debug|Any CPU.Build.0 = Debug|Any CPU
		{45D8AE38-B272-4AB2-81DD-707C48C84C9B}.Release|Any CPU.ActiveCfg = Release|Any CPU
		{45D8AE38-B272-4AB2-81DD-707C48C84C9B}.Release|Any CPU.Build.0 = Release|Any CPU
	EndGlobalSection
	GlobalSection(SolutionProperties) = preSolution
		HideSolutionNode = FALSE
	EndGlobalSection
EndGlobal
